// !$*UTF8*$!
{
	archiveVersion = 1;
	classes = {
	};
	objectVersion = 46;
	objects = {

/* Begin PBXBuildFile section */
		2085ABC01F223B9000F4BB90 /* AppDelegate.swift in Sources */ = {isa = PBXBuildFile; fileRef = 2085ABBF1F223B9000F4BB90 /* AppDelegate.swift */; };
		2085ABC21F223B9000F4BB90 /* ViewController.swift in Sources */ = {isa = PBXBuildFile; fileRef = 2085ABC11F223B9000F4BB90 /* ViewController.swift */; };
		2085ABC51F223B9000F4BB90 /* Main.storyboard in Resources */ = {isa = PBXBuildFile; fileRef = 2085ABC31F223B9000F4BB90 /* Main.storyboard */; };
		2085ABC71F223B9000F4BB90 /* Assets.xcassets in Resources */ = {isa = PBXBuildFile; fileRef = 2085ABC61F223B9000F4BB90 /* Assets.xcassets */; };
		2085ABCA1F223B9000F4BB90 /* LaunchScreen.storyboard in Resources */ = {isa = PBXBuildFile; fileRef = 2085ABC81F223B9000F4BB90 /* LaunchScreen.storyboard */; };
		C83E43F22CD36C64D9A10457 /* Pods_ChallengeWithFriends.framework in Frameworks */ = {isa = PBXBuildFile; fileRef = B87F92BE8DB3FBE7C3730E47 /* Pods_ChallengeWithFriends.framework */; };
/* End PBXBuildFile section */

/* Begin PBXFileReference section */
		2085ABBC1F223B9000F4BB90 /* ChallengeWithFriends.app */ = {isa = PBXFileReference; explicitFileType = wrapper.application; includeInIndex = 0; path = ChallengeWithFriends.app; sourceTree = BUILT_PRODUCTS_DIR; };
		2085ABBF1F223B9000F4BB90 /* AppDelegate.swift */ = {isa = PBXFileReference; lastKnownFileType = sourcecode.swift; path = AppDelegate.swift; sourceTree = "<group>"; };
		2085ABC11F223B9000F4BB90 /* ViewController.swift */ = {isa = PBXFileReference; lastKnownFileType = sourcecode.swift; path = ViewController.swift; sourceTree = "<group>"; };
		2085ABC41F223B9000F4BB90 /* Base */ = {isa = PBXFileReference; lastKnownFileType = file.storyboard; name = Base; path = Base.lproj/Main.storyboard; sourceTree = "<group>"; };
		2085ABC61F223B9000F4BB90 /* Assets.xcassets */ = {isa = PBXFileReference; lastKnownFileType = folder.assetcatalog; path = Assets.xcassets; sourceTree = "<group>"; };
		2085ABC91F223B9000F4BB90 /* Base */ = {isa = PBXFileReference; lastKnownFileType = file.storyboard; name = Base; path = Base.lproj/LaunchScreen.storyboard; sourceTree = "<group>"; };
		2085ABCB1F223B9000F4BB90 /* Info.plist */ = {isa = PBXFileReference; lastKnownFileType = text.plist.xml; path = Info.plist; sourceTree = "<group>"; };
		988F864D5C287EF66D131515 /* Pods-ChallengeWithFriends.debug.xcconfig */ = {isa = PBXFileReference; includeInIndex = 1; lastKnownFileType = text.xcconfig; name = "Pods-ChallengeWithFriends.debug.xcconfig"; path = "Pods/Target Support Files/Pods-ChallengeWithFriends/Pods-ChallengeWithFriends.debug.xcconfig"; sourceTree = "<group>"; };
		B87F92BE8DB3FBE7C3730E47 /* Pods_ChallengeWithFriends.framework */ = {isa = PBXFileReference; explicitFileType = wrapper.framework; includeInIndex = 0; path = Pods_ChallengeWithFriends.framework; sourceTree = BUILT_PRODUCTS_DIR; };
		F555A34B2854CDE894380531 /* Pods-ChallengeWithFriends.release.xcconfig */ = {isa = PBXFileReference; includeInIndex = 1; lastKnownFileType = text.xcconfig; name = "Pods-ChallengeWithFriends.release.xcconfig"; path = "Pods/Target Support Files/Pods-ChallengeWithFriends/Pods-ChallengeWithFriends.release.xcconfig"; sourceTree = "<group>"; };
/* End PBXFileReference section */

/* Begin PBXFrameworksBuildPhase section */
		2085ABB91F223B9000F4BB90 /* Frameworks */ = {
			isa = PBXFrameworksBuildPhase;
			buildActionMask = 2147483647;
			files = (
				C83E43F22CD36C64D9A10457 /* Pods_ChallengeWithFriends.framework in Frameworks */,
			);
			runOnlyForDeploymentPostprocessing = 0;
		};
/* End PBXFrameworksBuildPhase section */

/* Begin PBXGroup section */
		2085ABB31F223B9000F4BB90 = {
			isa = PBXGroup;
			children = (
				2085ABBE1F223B9000F4BB90 /* ChallengeWithFriends */,
				2085ABBD1F223B9000F4BB90 /* Products */,
				594C98476A35159B2AA4B214 /* Pods */,
				EF9A137485152272ECFB9011 /* Frameworks */,
			);
			sourceTree = "<group>";
		};
		2085ABBD1F223B9000F4BB90 /* Products */ = {
			isa = PBXGroup;
			children = (
				2085ABBC1F223B9000F4BB90 /* ChallengeWithFriends.app */,
			);
			name = Products;
			sourceTree = "<group>";
		};
		2085ABBE1F223B9000F4BB90 /* ChallengeWithFriends */ = {
			isa = PBXGroup;
			children = (
				2085ABBF1F223B9000F4BB90 /* AppDelegate.swift */,
				2085ABC11F223B9000F4BB90 /* ViewController.swift */,
				2085ABC31F223B9000F4BB90 /* Main.storyboard */,
				2085ABC61F223B9000F4BB90 /* Assets.xcassets */,
				2085ABC81F223B9000F4BB90 /* LaunchScreen.storyboard */,
				2085ABCB1F223B9000F4BB90 /* Info.plist */,
			);
			path = ChallengeWithFriends;
			sourceTree = "<group>";
		};
		594C98476A35159B2AA4B214 /* Pods */ = {
			isa = PBXGroup;
			children = (
				988F864D5C287EF66D131515 /* Pods-ChallengeWithFriends.debug.xcconfig */,
				F555A34B2854CDE894380531 /* Pods-ChallengeWithFriends.release.xcconfig */,
			);
			name = Pods;
			sourceTree = "<group>";
		};
		EF9A137485152272ECFB9011 /* Frameworks */ = {
			isa = PBXGroup;
			children = (
				B87F92BE8DB3FBE7C3730E47 /* Pods_ChallengeWithFriends.framework */,
			);
			name = Frameworks;
			sourceTree = "<group>";
		};
/* End PBXGroup section */

/* Begin PBXNativeTarget section */
		2085ABBB1F223B9000F4BB90 /* ChallengeWithFriends */ = {
			isa = PBXNativeTarget;
			buildConfigurationList = 2085ABCE1F223B9000F4BB90 /* Build configuration list for PBXNativeTarget "ChallengeWithFriends" */;
			buildPhases = (
				2A8ED582E4EF09F3BA8A8E61 /* [CP] Check Pods Manifest.lock */,
				2085ABB81F223B9000F4BB90 /* Sources */,
				2085ABB91F223B9000F4BB90 /* Frameworks */,
				2085ABBA1F223B9000F4BB90 /* Resources */,
				32E11CFCA38D469A5B069818 /* [CP] Embed Pods Frameworks */,
				2FE4286B71C2773E8793F8CC /* [CP] Copy Pods Resources */,
			);
			buildRules = (
			);
			dependencies = (
			);
			name = ChallengeWithFriends;
			productName = ChallengeWithFriends;
			productReference = 2085ABBC1F223B9000F4BB90 /* ChallengeWithFriends.app */;
			productType = "com.apple.product-type.application";
		};
/* End PBXNativeTarget section */

/* Begin PBXProject section */
		2085ABB41F223B9000F4BB90 /* Project object */ = {
			isa = PBXProject;
			attributes = {
				LastSwiftUpdateCheck = 0830;
				LastUpgradeCheck = 0830;
				ORGANIZATIONNAME = "Johnny Chiu";
				TargetAttributes = {
					2085ABBB1F223B9000F4BB90 = {
						CreatedOnToolsVersion = 8.3.3;
						ProvisioningStyle = Automatic;
					};
				};
			};
			buildConfigurationList = 2085ABB71F223B9000F4BB90 /* Build configuration list for PBXProject "ChallengeWithFriends" */;
			compatibilityVersion = "Xcode 3.2";
			developmentRegion = English;
			hasScannedForEncodings = 0;
			knownRegions = (
				en,
				Base,
			);
			mainGroup = 2085ABB31F223B9000F4BB90;
			productRefGroup = 2085ABBD1F223B9000F4BB90 /* Products */;
			projectDirPath = "";
			projectRoot = "";
			targets = (
				2085ABBB1F223B9000F4BB90 /* ChallengeWithFriends */,
			);
		};
/* End PBXProject section */

/* Begin PBXResourcesBuildPhase section */
		2085ABBA1F223B9000F4BB90 /* Resources */ = {
			isa = PBXResourcesBuildPhase;
			buildActionMask = 2147483647;
			files = (
				2085ABCA1F223B9000F4BB90 /* LaunchScreen.storyboard in Resources */,
				2085ABC71F223B9000F4BB90 /* Assets.xcassets in Resources */,
				2085ABC51F223B9000F4BB90 /* Main.storyboard in Resources */,
			);
			runOnlyForDeploymentPostprocessing = 0;
		};
/* End PBXResourcesBuildPhase section */

/* Begin PBXShellScriptBuildPhase section */
		2A8ED582E4EF09F3BA8A8E61 /* [CP] Check Pods Manifest.lock */ = {
			isa = PBXShellScriptBuildPhase;
			buildActionMask = 2147483647;
			files = (
			);
			inputPaths = (
			);
			name = "[CP] Check Pods Manifest.lock";
			outputPaths = (
			);
			runOnlyForDeploymentPostprocessing = 0;
			shellPath = /bin/sh;
			shellScript = "diff \"${PODS_PODFILE_DIR_PATH}/Podfile.lock\" \"${PODS_ROOT}/Manifest.lock\" > /dev/null\nif [ $? != 0 ] ; then\n    # print error to STDERR\n    echo \"error: The sandbox is not in sync with the Podfile.lock. Run 'pod install' or update your CocoaPods installation.\" >&2\n    exit 1\nfi\n";
			showEnvVarsInLog = 0;
		};
		2FE4286B71C2773E8793F8CC /* [CP] Copy Pods Resources */ = {
			isa = PBXShellScriptBuildPhase;
			buildActionMask = 2147483647;
			files = (
			);
			inputPaths = (
			);
			name = "[CP] Copy Pods Resources";
			outputPaths = (
			);
			runOnlyForDeploymentPostprocessing = 0;
			shellPath = /bin/sh;
			shellScript = "\"${SRCROOT}/Pods/Target Support Files/Pods-ChallengeWithFriends/Pods-ChallengeWithFriends-resources.sh\"\n";
			showEnvVarsInLog = 0;
		};
		32E11CFCA38D469A5B069818 /* [CP] Embed Pods Frameworks */ = {
			isa = PBXShellScriptBuildPhase;
			buildActionMask = 2147483647;
			files = (
			);
			inputPaths = (
			);
			name = "[CP] Embed Pods Frameworks";
			outputPaths = (
			);
			runOnlyForDeploymentPostprocessing = 0;
			shellPath = /bin/sh;
			shellScript = "\"${SRCROOT}/Pods/Target Support Files/Pods-ChallengeWithFriends/Pods-ChallengeWithFriends-frameworks.sh\"\n";
			showEnvVarsInLog = 0;
		};
/* End PBXShellScriptBuildPhase section */

/* Begin PBXSourcesBuildPhase section */
		2085ABB81F223B9000F4BB90 /* Sources */ = {
			isa = PBXSourcesBuildPhase;
			buildActionMask = 2147483647;
			files = (
				2085ABC21F223B9000F4BB90 /* ViewController.swift in Sources */,
				2085ABC01F223B9000F4BB90 /* AppDelegate.swift in Sources */,
			);
			runOnlyForDeploymentPostprocessing = 0;
		};
/* End PBXSourcesBuildPhase section */

/* Begin PBXVariantGroup section */
		2085ABC31F223B9000F4BB90 /* Main.storyboard */ = {
			isa = PBXVariantGroup;
			children = (
				2085ABC41F223B9000F4BB90 /* Base */,
			);
			name = Main.storyboard;
			sourceTree = "<group>";
		};
		2085ABC81F223B9000F4BB90 /* LaunchScreen.storyboard */ = {
			isa = PBXVariantGroup;
			children = (
				2085ABC91F223B9000F4BB90 /* Base */,
			);
			name = LaunchScreen.storyboard;
			sourceTree = "<group>";
		};
/* End PBXVariantGroup section */

/* Begin XCBuildConfiguration section */
		2085ABCC1F223B9000F4BB90 /* Debug */ = {
			isa = XCBuildConfiguration;
			buildSettings = {
				ALWAYS_SEARCH_USER_PATHS = NO;
				CLANG_ANALYZER_NONNULL = YES;
				CLANG_ANALYZER_NUMBER_OBJECT_CONVERSION = YES_AGGRESSIVE;
				CLANG_CXX_LANGUAGE_STANDARD = "gnu++0x";
				CLANG_CXX_LIBRARY = "libc++";
				CLANG_ENABLE_MODULES = YES;
				CLANG_ENABLE_OBJC_ARC = YES;
				CLANG_WARN_BOOL_CONVERSION = YES;
				CLANG_WARN_CONSTANT_CONVERSION = YES;
				CLANG_WARN_DIRECT_OBJC_ISA_USAGE = YES_ERROR;
				CLANG_WARN_DOCUMENTATION_COMMENTS = YES;
				CLANG_WARN_EMPTY_BODY = YES;
				CLANG_WARN_ENUM_CONVERSION = YES;
				CLANG_WARN_INFINITE_RECURSION = YES;
				CLANG_WARN_INT_CONVERSION = YES;
				CLANG_WARN_OBJC_ROOT_CLASS = YES_ERROR;
				CLANG_WARN_SUSPICIOUS_MOVE = YES;
				CLANG_WARN_UNREACHABLE_CODE = YES;
				CLANG_WARN__DUPLICATE_METHOD_MATCH = YES;
				"CODE_SIGN_IDENTITY[sdk=iphoneos*]" = "iPhone Developer";
				COPY_PHASE_STRIP = NO;
				DEBUG_INFORMATION_FORMAT = dwarf;
				ENABLE_STRICT_OBJC_MSGSEND = YES;
				ENABLE_TESTABILITY = YES;
				GCC_C_LANGUAGE_STANDARD = gnu99;
				GCC_DYNAMIC_NO_PIC = NO;
				GCC_NO_COMMON_BLOCKS = YES;
				GCC_OPTIMIZATION_LEVEL = 0;
				GCC_PREPROCESSOR_DEFINITIONS = (
					"DEBUG=1",
					"$(inherited)",
				);
				GCC_WARN_64_TO_32_BIT_CONVERSION = YES;
				GCC_WARN_ABOUT_RETURN_TYPE = YES_ERROR;
				GCC_WARN_UNDECLARED_SELECTOR = YES;
				GCC_WARN_UNINITIALIZED_AUTOS = YES_AGGRESSIVE;
				GCC_WARN_UNUSED_FUNCTION = YES;
				GCC_WARN_UNUSED_VARIABLE = YES;
				IPHONEOS_DEPLOYMENT_TARGET = 10.3;
				MTL_ENABLE_DEBUG_INFO = YES;
				ONLY_ACTIVE_ARCH = YES;
				SDKROOT = iphoneos;
				SWIFT_ACTIVE_COMPILATION_CONDITIONS = DEBUG;
				SWIFT_OPTIMIZATION_LEVEL = "-Onone";
				TARGETED_DEVICE_FAMILY = "1,2";
			};
			name = Debug;
		};
		2085ABCD1F223B9000F4BB90 /* Release */ = {
			isa = XCBuildConfiguration;
			buildSettings = {
				ALWAYS_SEARCH_USER_PATHS = NO;
				CLANG_ANALYZER_NONNULL = YES;
				CLANG_ANALYZER_NUMBER_OBJECT_CONVERSION = YES_AGGRESSIVE;
				CLANG_CXX_LANGUAGE_STANDARD = "gnu++0x";
				CLANG_CXX_LIBRARY = "libc++";
				CLANG_ENABLE_MODULES = YES;
				CLANG_ENABLE_OBJC_ARC = YES;
				CLANG_WARN_BOOL_CONVERSION = YES;
				CLANG_WARN_CONSTANT_CONVERSION = YES;
				CLANG_WARN_DIRECT_OBJC_ISA_USAGE = YES_ERROR;
				CLANG_WARN_DOCUMENTATION_COMMENTS = YES;
				CLANG_WARN_EMPTY_BODY = YES;
				CLANG_WARN_ENUM_CONVERSION = YES;
				CLANG_WARN_INFINITE_RECURSION = YES;
				CLANG_WARN_INT_CONVERSION = YES;
				CLANG_WARN_OBJC_ROOT_CLASS = YES_ERROR;
				CLANG_WARN_SUSPICIOUS_MOVE = YES;
				CLANG_WARN_UNREACHABLE_CODE = YES;
				CLANG_WARN__DUPLICATE_METHOD_MATCH = YES;
				"CODE_SIGN_IDENTITY[sdk=iphoneos*]" = "iPhone Developer";
				COPY_PHASE_STRIP = NO;
				DEBUG_INFORMATION_FORMAT = "dwarf-with-dsym";
				ENABLE_NS_ASSERTIONS = NO;
				ENABLE_STRICT_OBJC_MSGSEND = YES;
				GCC_C_LANGUAGE_STANDARD = gnu99;
				GCC_NO_COMMON_BLOCKS = YES;
				GCC_WARN_64_TO_32_BIT_CONVERSION = YES;
				GCC_WARN_ABOUT_RETURN_TYPE = YES_ERROR;
				GCC_WARN_UNDECLARED_SELECTOR = YES;
				GCC_WARN_UNINITIALIZED_AUTOS = YES_AGGRESSIVE;
				GCC_WARN_UNUSED_FUNCTION = YES;
				GCC_WARN_UNUSED_VARIABLE = YES;
				IPHONEOS_DEPLOYMENT_TARGET = 10.3;
				MTL_ENABLE_DEBUG_INFO = NO;
				SDKROOT = iphoneos;
				SWIFT_OPTIMIZATION_LEVEL = "-Owholemodule";
				TARGETED_DEVICE_FAMILY = "1,2";
				VALIDATE_PRODUCT = YES;
			};
			name = Release;
		};
		2085ABCF1F223B9000F4BB90 /* Debug */ = {
			isa = XCBuildConfiguration;
			baseConfigurationReference = 988F864D5C287EF66D131515 /* Pods-ChallengeWithFriends.debug.xcconfig */;
			buildSettings = {
				ASSETCATALOG_COMPILER_APPICON_NAME = AppIcon;
				INFOPLIST_FILE = ChallengeWithFriends/Info.plist;
				LD_RUNPATH_SEARCH_PATHS = "$(inherited) @executable_path/Frameworks";
				PRODUCT_BUNDLE_IDENTIFIER = com.JohnnyChiu.ChallengeWithFriends;
				PRODUCT_NAME = "$(TARGET_NAME)";
				SWIFT_VERSION = 3.0;
			};
			name = Debug;
		};
		2085ABD01F223B9000F4BB90 /* Release */ = {
			isa = XCBuildConfiguration;
			baseConfigurationReference = F555A34B2854CDE894380531 /* Pods-ChallengeWithFriends.release.xcconfig */;
			buildSettings = {
				ASSETCATALOG_COMPILER_APPICON_NAME = AppIcon;
				INFOPLIST_FILE = ChallengeWithFriends/Info.plist;
				LD_RUNPATH_SEARCH_PATHS = "$(inherited) @executable_path/Frameworks";
				PRODUCT_BUNDLE_IDENTIFIER = com.JohnnyChiu.ChallengeWithFriends;
				PRODUCT_NAME = "$(TARGET_NAME)";
				SWIFT_VERSION = 3.0;
			};
			name = Release;
		};
/* End XCBuildConfiguration section */

/* Begin XCConfigurationList section */
		2085ABB71F223B9000F4BB90 /* Build configuration list for PBXProject "ChallengeWithFriends" */ = {
			isa = XCConfigurationList;
			buildConfigurations = (
				2085ABCC1F223B9000F4BB90 /* Debug */,
				2085ABCD1F223B9000F4BB90 /* Release */,
			);
			defaultConfigurationIsVisible = 0;
			defaultConfigurationName = Release;
		};
		2085ABCE1F223B9000F4BB90 /* Build configuration list for PBXNativeTarget "ChallengeWithFriends" */ = {
			isa = XCConfigurationList;
			buildConfigurations = (
				2085ABCF1F223B9000F4BB90 /* Debug */,
				2085ABD01F223B9000F4BB90 /* Release */,
			);
			defaultConfigurationIsVisible = 0;
		};
/* End XCConfigurationList section */
	};
	rootObject = 2085ABB41F223B9000F4BB90 /* Project object */;
}
